{
  "version": 4,
  "terraform_version": "1.5.3",
  "serial": 14,
  "lineage": "97269eee-3519-32b4-6e44-e5f015236eb4",
  "outputs": {
    "devops_op_trainer": {
      "value": "trainwithmohit",
      "type": "string"
    }
  },
  "resources": [
    {
      "mode": "managed",
      "type": "local_file",
      "name": "devops",
      "provider": "provider[\"registry.terraform.io/hashicorp/local\"]",
      "instances": [
        {
          "schema_version": 0,
          "attributes": {
            "content": "this ia a cool content 1",
            "content_base64": null,
            "content_base64sha256": "Mb9gxMz+tq9SVhn3D1XRBPCuzkK2rl7dYFigQr2AlqM=",
            "content_base64sha512": "A2qfJWg+i7zhqrnQ2J01I+ryb/B+/ithikuRjKXB4Bm25y7mDcrxrx391XIbmmXxKPOkDpcpCxB0w86d924GTA==",
            "content_md5": "94371b032d54a9c42b0cc3a73e7c969d",
            "content_sha1": "e11c89442edb157919dbd36e281ca87e1abbd85f",
            "content_sha256": "31bf60c4ccfeb6af525619f70f55d104f0aece42b6ae5edd6058a042bd8096a3",
            "content_sha512": "036a9f25683e8bbce1aab9d0d89d3523eaf26ff07efe2b618a4b918ca5c1e019b6e72ee60dcaf1af1dfdd5721b9a65f128f3a40e97290b1074c3ce9df76e064c",
            "directory_permission": "0777",
            "file_permission": "0777",
            "filename": "/home/ubuntu/terraform-course/terraform-variable/file_1.txt",
            "id": "e11c89442edb157919dbd36e281ca87e1abbd85f",
            "sensitive_content": null,
            "source": null
          },
          "sensitive_attributes": []
        }
      ]
    },
    {
      "mode": "managed",
      "type": "local_file",
      "name": "devops-var",
      "provider": "provider[\"registry.terraform.io/hashicorp/local\"]",
      "instances": [
        {
          "schema_version": 0,
          "attributes": {
            "content": "this is cooler content 2",
            "content_base64": null,
            "content_base64sha256": "G29F0SUQHCZXfBEvIJdRjV3P/sr90OEmA8UtVm4XFFI=",
            "content_base64sha512": "flXwf2RZ0qbuShbwxBPp6ERi4uSIUN5JrLPxonz4UqjEKznwUHV2Mrn+FXW6ARfbNP1B5upxW0QlILmlEd27jQ==",
            "content_md5": "97ab89ce568b3cb2f482782bf6bee1aa",
            "content_sha1": "3b9e378c6b519372a53a8becdafded5384bad567",
            "content_sha256": "1b6f45d125101c26577c112f2097518d5dcffecafdd0e12603c52d566e171452",
            "content_sha512": "7e55f07f6459d2a6ee4a16f0c413e9e84462e2e48850de49acb3f1a27cf852a8c42b39f050757632b9fe1575ba0117db34fd41e6ea715b442520b9a511ddbb8d",
            "directory_permission": "0777",
            "file_permission": "0777",
            "filename": "/home/ubuntu/terraform-course/terraform-variable/file_2.txt",
            "id": "3b9e378c6b519372a53a8becdafded5384bad567",
            "sensitive_content": null,
            "source": null
          },
          "sensitive_attributes": []
        }
      ]
    }
  ],
  "check_results": null
}
